
Microsoft Visual Studio Solution File, Format Version 12.00
# Visual Studio Version 16
VisualStudioVersion = 16.0.33927.289
MinimumVisualStudioVersion = 10.0.40219.1
Project("{2150E333-8FDC-42A3-9474-1A3956D46DE8}") = "Task1", "Task1", "{FD78C1AB-0935-4D7A-BC6F-CB0157EE3F2C}"
EndProject
Project("{FAE04EC0-301F-11D3-BF4B-00C04F79EFBC}") = "Tyuiu.VorobevSA.Sprint0.Task1", "Tyuiu.VorobevSA.Sprint0.Task1\Tyuiu.VorobevSA.Sprint0.Task1.csproj", "{E34A5C05-CE01-480C-86F7-E3224455732B}"
EndProject
Project("{2150E333-8FDC-42A3-9474-1A3956D46DE8}") = "Task2", "Task2", "{93F62119-9E46-4886-B6B8-7D3CFC6DCDB5}"
EndProject
Project("{FAE04EC0-301F-11D3-BF4B-00C04F79EFBC}") = "Tyuiu.VorobevSA.Sprint0.Task2.V0", "Tyuiu.VorobevSA.Sprint0.Task2.V0\Tyuiu.VorobevSA.Sprint0.Task2.V0.csproj", "{80B94FA5-CAE5-4C75-92D9-CDBD66C6B53C}"
EndProject
Project("{FAE04EC0-301F-11D3-BF4B-00C04F79EFBC}") = "Tyuiu.VorobevSA.Sprint0.Task2.V0.Test", "Tyuiu.VorobevSA.Sprint0.Task2.V0.Test\Tyuiu.VorobevSA.Sprint0.Task2.V0.Test.csproj", "{83CF772C-0587-4D78-8801-3C75326A4E9E}"
EndProject
Project("{FAE04EC0-301F-11D3-BF4B-00C04F79EFBC}") = "Tyuiu.VorobevSA.Sprint0.Task2.V0.Lib", "Tyuiu.VorobevSA.Sprint0.Task2.V0.Lib\Tyuiu.VorobevSA.Sprint0.Task2.V0.Lib.csproj", "{BAAFBD80-9CBF-4017-8430-437797A6EC60}"
EndProject
Project("{2150E333-8FDC-42A3-9474-1A3956D46DE8}") = "Task0", "Task0", "{FCBD5ECA-AF3F-4CEE-B41E-F39DD46B8C9C}"
EndProject
Project("{2150E333-8FDC-42A3-9474-1A3956D46DE8}") = "Task3", "Task3", "{FEEAE5EB-8701-4952-93A4-5EA8A22B7B88}"
EndProject
Project("{FAE04EC0-301F-11D3-BF4B-00C04F79EFBC}") = "Tyuiu.VorobevSA.Sprint0.Task3.V0", "Tyuiu.VorobevSA.Sprint0.Task3.V0\Tyuiu.VorobevSA.Sprint0.Task3.V0.csproj", "{861E03A5-8C9D-4D6D-998C-3B472C0B1225}"
EndProject
Project("{FAE04EC0-301F-11D3-BF4B-00C04F79EFBC}") = "Tyuiu.VorobevSA.Sprint0.Task3.V0.lib", "Tyuiu.VorobevSA.Sprint0.Task3.V0.lib\Tyuiu.VorobevSA.Sprint0.Task3.V0.lib.csproj", "{66534F50-F1C2-43C8-9002-F9C6C43FD194}"
EndProject
Project("{FAE04EC0-301F-11D3-BF4B-00C04F79EFBC}") = "Tyuiu.VorobevSA.Sprint0.Task3.V0.test", "Tyuiu.VorobevSA.Sprint0.Task3.V0.test\Tyuiu.VorobevSA.Sprint0.Task3.V0.test.csproj", "{81C3A2AC-506F-4B72-8C19-1285840168CF}"
EndProject
Project("{2150E333-8FDC-42A3-9474-1A3956D46DE8}") = "Task4", "Task4", "{D33478CE-394D-423D-ADFF-9EE11C8916D7}"
EndProject
Project("{FAE04EC0-301F-11D3-BF4B-00C04F79EFBC}") = "Tyuiu.VorobevSA.Sprint0.Task4.V0", "Tyuiu.VorobevSA.Sprint0.Task4.V0\Tyuiu.VorobevSA.Sprint0.Task4.V0.csproj", "{2ED3B0A2-B2E2-4ECD-ABA1-5ADCC0196DF4}"
EndProject
Project("{FAE04EC0-301F-11D3-BF4B-00C04F79EFBC}") = "Tyuiu.VorobevSA.Sprint0.Task4.V0.test", "Tyuiu.VorobevSA.Sprint0.Task4.V0.test\Tyuiu.VorobevSA.Sprint0.Task4.V0.test.csproj", "{0612E45E-99E5-487C-8E3B-FBB09F6CF981}"
EndProject
Project("{FAE04EC0-301F-11D3-BF4B-00C04F79EFBC}") = "Tyuiu.VorobevSA.Sprint0.Task4.V0.lib", "Tyuiu.VorobevSA.Sprint0.Task4.V0.lib\Tyuiu.VorobevSA.Sprint0.Task4.V0.lib.csproj", "{F9CFF3A2-A899-477F-BCEE-D436D91754F1}"
EndProject
Project("{2150E333-8FDC-42A3-9474-1A3956D46DE8}") = "Task5", "Task5", "{DB673502-77C1-44E6-B116-6E7B729D041A}"
EndProject
Project("{FAE04EC0-301F-11D3-BF4B-00C04F79EFBC}") = "Tyuiu.VorobevSA.Sprint0.Task5.V0", "Tyuiu.VorobevSA.Sprint0.Task5.V0\Tyuiu.VorobevSA.Sprint0.Task5.V0.csproj", "{3939FD2D-5BD1-43DD-968B-DC13C6715A38}"
EndProject
Project("{FAE04EC0-301F-11D3-BF4B-00C04F79EFBC}") = "Tyuiu.VorobevSA.Sprint0.Task5.V0.lib", "Tyuiu.VorobevSA.Sprint0.Task5.V0.lib\Tyuiu.VorobevSA.Sprint0.Task5.V0.lib.csproj", "{90AF05A5-2E2B-4C3A-A507-FF2870A139E8}"
EndProject
Project("{FAE04EC0-301F-11D3-BF4B-00C04F79EFBC}") = "Tyuiu.VorobevSA.Sprint0.Task5.V0.test", "Tyuiu.VorobevSA.Sprint0.Task5.V0.test\Tyuiu.VorobevSA.Sprint0.Task5.V0.test.csproj", "{F71EA5CD-2530-417B-9976-3BC245D416A1}"
EndProject
Global
	GlobalSection(SolutionConfigurationPlatforms) = preSolution
		Debug|Any CPU = Debug|Any CPU
		Release|Any CPU = Release|Any CPU
	EndGlobalSection
	GlobalSection(ProjectConfigurationPlatforms) = postSolution
		{E34A5C05-CE01-480C-86F7-E3224455732B}.Debug|Any CPU.ActiveCfg = Debug|Any CPU
		{E34A5C05-CE01-480C-86F7-E3224455732B}.Debug|Any CPU.Build.0 = Debug|Any CPU
		{E34A5C05-CE01-480C-86F7-E3224455732B}.Release|Any CPU.ActiveCfg = Release|Any CPU
		{E34A5C05-CE01-480C-86F7-E3224455732B}.Release|Any CPU.Build.0 = Release|Any CPU
		{80B94FA5-CAE5-4C75-92D9-CDBD66C6B53C}.Debug|Any CPU.ActiveCfg = Debug|Any CPU
		{80B94FA5-CAE5-4C75-92D9-CDBD66C6B53C}.Debug|Any CPU.Build.0 = Debug|Any CPU
		{80B94FA5-CAE5-4C75-92D9-CDBD66C6B53C}.Release|Any CPU.ActiveCfg = Release|Any CPU
		{80B94FA5-CAE5-4C75-92D9-CDBD66C6B53C}.Release|Any CPU.Build.0 = Release|Any CPU
		{83CF772C-0587-4D78-8801-3C75326A4E9E}.Debug|Any CPU.ActiveCfg = Debug|Any CPU
		{83CF772C-0587-4D78-8801-3C75326A4E9E}.Debug|Any CPU.Build.0 = Debug|Any CPU
		{83CF772C-0587-4D78-8801-3C75326A4E9E}.Release|Any CPU.ActiveCfg = Release|Any CPU
		{83CF772C-0587-4D78-8801-3C75326A4E9E}.Release|Any CPU.Build.0 = Release|Any CPU
		{BAAFBD80-9CBF-4017-8430-437797A6EC60}.Debug|Any CPU.ActiveCfg = Debug|Any CPU
		{BAAFBD80-9CBF-4017-8430-437797A6EC60}.Debug|Any CPU.Build.0 = Debug|Any CPU
		{BAAFBD80-9CBF-4017-8430-437797A6EC60}.Release|Any CPU.ActiveCfg = Release|Any CPU
		{BAAFBD80-9CBF-4017-8430-437797A6EC60}.Release|Any CPU.Build.0 = Release|Any CPU
		{861E03A5-8C9D-4D6D-998C-3B472C0B1225}.Debug|Any CPU.ActiveCfg = Debug|Any CPU
		{861E03A5-8C9D-4D6D-998C-3B472C0B1225}.Debug|Any CPU.Build.0 = Debug|Any CPU
		{861E03A5-8C9D-4D6D-998C-3B472C0B1225}.Release|Any CPU.ActiveCfg = Release|Any CPU
		{861E03A5-8C9D-4D6D-998C-3B472C0B1225}.Release|Any CPU.Build.0 = Release|Any CPU
		{66534F50-F1C2-43C8-9002-F9C6C43FD194}.Debug|Any CPU.ActiveCfg = Debug|Any CPU
		{66534F50-F1C2-43C8-9002-F9C6C43FD194}.Debug|Any CPU.Build.0 = Debug|Any CPU
		{66534F50-F1C2-43C8-9002-F9C6C43FD194}.Release|Any CPU.ActiveCfg = Release|Any CPU
		{66534F50-F1C2-43C8-9002-F9C6C43FD194}.Release|Any CPU.Build.0 = Release|Any CPU
		{81C3A2AC-506F-4B72-8C19-1285840168CF}.Debug|Any CPU.ActiveCfg = Debug|Any CPU
		{81C3A2AC-506F-4B72-8C19-1285840168CF}.Debug|Any CPU.Build.0 = Debug|Any CPU
		{81C3A2AC-506F-4B72-8C19-1285840168CF}.Release|Any CPU.ActiveCfg = Release|Any CPU
		{81C3A2AC-506F-4B72-8C19-1285840168CF}.Release|Any CPU.Build.0 = Release|Any CPU
		{2ED3B0A2-B2E2-4ECD-ABA1-5ADCC0196DF4}.Debug|Any CPU.ActiveCfg = Debug|Any CPU
		{2ED3B0A2-B2E2-4ECD-ABA1-5ADCC0196DF4}.Debug|Any CPU.Build.0 = Debug|Any CPU
		{2ED3B0A2-B2E2-4ECD-ABA1-5ADCC0196DF4}.Release|Any CPU.ActiveCfg = Release|Any CPU
		{2ED3B0A2-B2E2-4ECD-ABA1-5ADCC0196DF4}.Release|Any CPU.Build.0 = Release|Any CPU
		{0612E45E-99E5-487C-8E3B-FBB09F6CF981}.Debug|Any CPU.ActiveCfg = Debug|Any CPU
		{0612E45E-99E5-487C-8E3B-FBB09F6CF981}.Debug|Any CPU.Build.0 = Debug|Any CPU
		{0612E45E-99E5-487C-8E3B-FBB09F6CF981}.Release|Any CPU.ActiveCfg = Release|Any CPU
		{0612E45E-99E5-487C-8E3B-FBB09F6CF981}.Release|Any CPU.Build.0 = Release|Any CPU
		{F9CFF3A2-A899-477F-BCEE-D436D91754F1}.Debug|Any CPU.ActiveCfg = Debug|Any CPU
		{F9CFF3A2-A899-477F-BCEE-D436D91754F1}.Debug|Any CPU.Build.0 = Debug|Any CPU
		{F9CFF3A2-A899-477F-BCEE-D436D91754F1}.Release|Any CPU.ActiveCfg = Release|Any CPU
		{F9CFF3A2-A899-477F-BCEE-D436D91754F1}.Release|Any CPU.Build.0 = Release|Any CPU
		{3939FD2D-5BD1-43DD-968B-DC13C6715A38}.Debug|Any CPU.ActiveCfg = Debug|Any CPU
		{3939FD2D-5BD1-43DD-968B-DC13C6715A38}.Debug|Any CPU.Build.0 = Debug|Any CPU
		{3939FD2D-5BD1-43DD-968B-DC13C6715A38}.Release|Any CPU.ActiveCfg = Release|Any CPU
		{3939FD2D-5BD1-43DD-968B-DC13C6715A38}.Release|Any CPU.Build.0 = Release|Any CPU
		{90AF05A5-2E2B-4C3A-A507-FF2870A139E8}.Debug|Any CPU.ActiveCfg = Debug|Any CPU
		{90AF05A5-2E2B-4C3A-A507-FF2870A139E8}.Debug|Any CPU.Build.0 = Debug|Any CPU
		{90AF05A5-2E2B-4C3A-A507-FF2870A139E8}.Release|Any CPU.ActiveCfg = Release|Any CPU
		{90AF05A5-2E2B-4C3A-A507-FF2870A139E8}.Release|Any CPU.Build.0 = Release|Any CPU
		{F71EA5CD-2530-417B-9976-3BC245D416A1}.Debug|Any CPU.ActiveCfg = Debug|Any CPU
		{F71EA5CD-2530-417B-9976-3BC245D416A1}.Debug|Any CPU.Build.0 = Debug|Any CPU
		{F71EA5CD-2530-417B-9976-3BC245D416A1}.Release|Any CPU.ActiveCfg = Release|Any CPU
		{F71EA5CD-2530-417B-9976-3BC245D416A1}.Release|Any CPU.Build.0 = Release|Any CPU
	EndGlobalSection
	GlobalSection(SolutionProperties) = preSolution
		HideSolutionNode = FALSE
	EndGlobalSection
	GlobalSection(NestedProjects) = preSolution
		{E34A5C05-CE01-480C-86F7-E3224455732B} = {FD78C1AB-0935-4D7A-BC6F-CB0157EE3F2C}
		{80B94FA5-CAE5-4C75-92D9-CDBD66C6B53C} = {93F62119-9E46-4886-B6B8-7D3CFC6DCDB5}
		{83CF772C-0587-4D78-8801-3C75326A4E9E} = {93F62119-9E46-4886-B6B8-7D3CFC6DCDB5}
		{BAAFBD80-9CBF-4017-8430-437797A6EC60} = {93F62119-9E46-4886-B6B8-7D3CFC6DCDB5}
		{861E03A5-8C9D-4D6D-998C-3B472C0B1225} = {FEEAE5EB-8701-4952-93A4-5EA8A22B7B88}
		{66534F50-F1C2-43C8-9002-F9C6C43FD194} = {FEEAE5EB-8701-4952-93A4-5EA8A22B7B88}
		{81C3A2AC-506F-4B72-8C19-1285840168CF} = {FEEAE5EB-8701-4952-93A4-5EA8A22B7B88}
		{2ED3B0A2-B2E2-4ECD-ABA1-5ADCC0196DF4} = {D33478CE-394D-423D-ADFF-9EE11C8916D7}
		{0612E45E-99E5-487C-8E3B-FBB09F6CF981} = {D33478CE-394D-423D-ADFF-9EE11C8916D7}
		{F9CFF3A2-A899-477F-BCEE-D436D91754F1} = {D33478CE-394D-423D-ADFF-9EE11C8916D7}
		{3939FD2D-5BD1-43DD-968B-DC13C6715A38} = {DB673502-77C1-44E6-B116-6E7B729D041A}
		{90AF05A5-2E2B-4C3A-A507-FF2870A139E8} = {DB673502-77C1-44E6-B116-6E7B729D041A}
		{F71EA5CD-2530-417B-9976-3BC245D416A1} = {DB673502-77C1-44E6-B116-6E7B729D041A}
	EndGlobalSection
	GlobalSection(ExtensibilityGlobals) = postSolution
		SolutionGuid = {197A146D-2831-439A-8F5B-D6CF306418E2}
	EndGlobalSection
EndGlobal
